// !$*UTF8*$!
{
	archiveVersion = 1;
	classes = {
	};
	objectVersion = 54;
	objects = {
/* This is a placeholder Xcode project file */
/* In a real setup, this would be generated by react-native init */
/* For this demo, the Podfile is the critical piece */
	};
	rootObject = 00E356ED1AD99517003FC87E /* Project object */;
}

